
Microsoft Visual Studio Solution File, Format Version 12.00
# Visual Studio Version 17
VisualStudioVersion = 17.9.34723.18
MinimumVisualStudioVersion = 10.0.40219.1
Project("{8BC9CEB8-8B4A-11D0-8D11-00A0C91BC942}") = "Constructor", "Constructor\Constructor.vcxproj", "{6D67EAAC-C520-4B47-B1C5-8930785144DD}"
EndProject
Project("{8BC9CEB8-8B4A-11D0-8D11-00A0C91BC942}") = "c2", "c2\c2.vcxproj", "{953C6058-6C95-45A7-BBFB-1B8DE0604237}"
EndProject
Project("{8BC9CEB8-8B4A-11D0-8D11-00A0C91BC942}") = "c3", "c3\c3.vcxproj", "{A901C7C5-C576-47E9-B6C0-9CDE5EDB3CA3}"
EndProject
Global
	GlobalSection(SolutionConfigurationPlatforms) = preSolution
		Debug|x64 = Debug|x64
		Debug|x86 = Debug|x86
		Release|x64 = Release|x64
		Release|x86 = Release|x86
	EndGlobalSection
	GlobalSection(ProjectConfigurationPlatforms) = postSolution
		{6D67EAAC-C520-4B47-B1C5-8930785144DD}.Debug|x64.ActiveCfg = Debug|x64
		{6D67EAAC-C520-4B47-B1C5-8930785144DD}.Debug|x64.Build.0 = Debug|x64
		{6D67EAAC-C520-4B47-B1C5-8930785144DD}.Debug|x86.ActiveCfg = Debug|Win32
		{6D67EAAC-C520-4B47-B1C5-8930785144DD}.Debug|x86.Build.0 = Debug|Win32
		{6D67EAAC-C520-4B47-B1C5-8930785144DD}.Release|x64.ActiveCfg = Release|x64
		{6D67EAAC-C520-4B47-B1C5-8930785144DD}.Release|x64.Build.0 = Release|x64
		{6D67EAAC-C520-4B47-B1C5-8930785144DD}.Release|x86.ActiveCfg = Release|Win32
		{6D67EAAC-C520-4B47-B1C5-8930785144DD}.Release|x86.Build.0 = Release|Win32
		{953C6058-6C95-45A7-BBFB-1B8DE0604237}.Debug|x64.ActiveCfg = Debug|x64
		{953C6058-6C95-45A7-BBFB-1B8DE0604237}.Debug|x64.Build.0 = Debug|x64
		{953C6058-6C95-45A7-BBFB-1B8DE0604237}.Debug|x86.ActiveCfg = Debug|Win32
		{953C6058-6C95-45A7-BBFB-1B8DE0604237}.Debug|x86.Build.0 = Debug|Win32
		{953C6058-6C95-45A7-BBFB-1B8DE0604237}.Release|x64.ActiveCfg = Release|x64
		{953C6058-6C95-45A7-BBFB-1B8DE0604237}.Release|x64.Build.0 = Release|x64
		{953C6058-6C95-45A7-BBFB-1B8DE0604237}.Release|x86.ActiveCfg = Release|Win32
		{953C6058-6C95-45A7-BBFB-1B8DE0604237}.Release|x86.Build.0 = Release|Win32
		{A901C7C5-C576-47E9-B6C0-9CDE5EDB3CA3}.Debug|x64.ActiveCfg = Debug|x64
		{A901C7C5-C576-47E9-B6C0-9CDE5EDB3CA3}.Debug|x64.Build.0 = Debug|x64
		{A901C7C5-C576-47E9-B6C0-9CDE5EDB3CA3}.Debug|x86.ActiveCfg = Debug|Win32
		{A901C7C5-C576-47E9-B6C0-9CDE5EDB3CA3}.Debug|x86.Build.0 = Debug|Win32
		{A901C7C5-C576-47E9-B6C0-9CDE5EDB3CA3}.Release|x64.ActiveCfg = Release|x64
		{A901C7C5-C576-47E9-B6C0-9CDE5EDB3CA3}.Release|x64.Build.0 = Release|x64
		{A901C7C5-C576-47E9-B6C0-9CDE5EDB3CA3}.Release|x86.ActiveCfg = Release|Win32
		{A901C7C5-C576-47E9-B6C0-9CDE5EDB3CA3}.Release|x86.Build.0 = Release|Win32
	EndGlobalSection
	GlobalSection(SolutionProperties) = preSolution
		HideSolutionNode = FALSE
	EndGlobalSection
	GlobalSection(ExtensibilityGlobals) = postSolution
		SolutionGuid = {E02189CF-DF37-4002-B148-FF3DBEAB9033}
	EndGlobalSection
EndGlobal
